
Microsoft Visual Studio Solution File, Format Version 12.00
# Visual Studio Version 17
VisualStudioVersion = 17.4.33213.308
MinimumVisualStudioVersion = 10.0.40219.1
Project("{FAE04EC0-301F-11D3-BF4B-00C04F79EFBC}") = "backend-webProject-2023", "backend-webProject-2023\backend-webProject-2023.csproj", "{1637F52A-FB45-4621-A31B-086F5F29D276}"
EndProject
Global
	GlobalSection(SolutionConfigurationPlatforms) = preSolution
		Debug|Any CPU = Debug|Any CPU
		Release|Any CPU = Release|Any CPU
	EndGlobalSection
	GlobalSection(ProjectConfigurationPlatforms) = postSolution
		{1637F52A-FB45-4621-A31B-086F5F29D276}.Debug|Any CPU.ActiveCfg = Debug|Any CPU
		{1637F52A-FB45-4621-A31B-086F5F29D276}.Debug|Any CPU.Build.0 = Debug|Any CPU
		{1637F52A-FB45-4621-A31B-086F5F29D276}.Release|Any CPU.ActiveCfg = Release|Any CPU
		{1637F52A-FB45-4621-A31B-086F5F29D276}.Release|Any CPU.Build.0 = Release|Any CPU
	EndGlobalSection
	GlobalSection(SolutionProperties) = preSolution
		HideSolutionNode = FALSE
	EndGlobalSection
	GlobalSection(ExtensibilityGlobals) = postSolution
		SolutionGuid = {D59E6A98-C484-46B5-86E1-BDB7DD35B3DB}
	EndGlobalSection
EndGlobal
