
Microsoft Visual Studio Solution File, Format Version 12.00
# Visual Studio Version 17
VisualStudioVersion = 17.4.33213.308
MinimumVisualStudioVersion = 10.0.40219.1
Project("{FAE04EC0-301F-11D3-BF4B-00C04F79EFBC}") = "backend-webProject-2023", "backend-webProject-2023\backend-webProject-2023.csproj", "{18AC2E83-CC36-4CC4-8F0B-2C797EE5CB2A}"
EndProject
Global
	GlobalSection(SolutionConfigurationPlatforms) = preSolution
		Debug|Any CPU = Debug|Any CPU
		Release|Any CPU = Release|Any CPU
	EndGlobalSection
	GlobalSection(ProjectConfigurationPlatforms) = postSolution
		{18AC2E83-CC36-4CC4-8F0B-2C797EE5CB2A}.Debug|Any CPU.ActiveCfg = Debug|Any CPU
		{18AC2E83-CC36-4CC4-8F0B-2C797EE5CB2A}.Debug|Any CPU.Build.0 = Debug|Any CPU
		{18AC2E83-CC36-4CC4-8F0B-2C797EE5CB2A}.Release|Any CPU.ActiveCfg = Release|Any CPU
		{18AC2E83-CC36-4CC4-8F0B-2C797EE5CB2A}.Release|Any CPU.Build.0 = Release|Any CPU
	EndGlobalSection
	GlobalSection(SolutionProperties) = preSolution
		HideSolutionNode = FALSE
	EndGlobalSection
	GlobalSection(ExtensibilityGlobals) = postSolution
		SolutionGuid = {28FD787B-1423-433F-A5CE-E8DC47812997}
	EndGlobalSection
EndGlobal
